// !$*UTF8*$!
{
	archiveVersion = 1;
	classes = {
	};
	objectVersion = 50;
	objects = {

/* Begin PBXBuildFile section */
		9BD769C822D24D1F00C49A84 /* AppDelegate.swift in Sources */ = {isa = PBXBuildFile; fileRef = 9BD769C722D24D1F00C49A84 /* AppDelegate.swift */; };
		9BD769CA22D24D1F00C49A84 /* MasterViewController.swift in Sources */ = {isa = PBXBuildFile; fileRef = 9BD769C922D24D1F00C49A84 /* MasterViewController.swift */; };
		9BD769CC22D24D1F00C49A84 /* DetailViewController.swift in Sources */ = {isa = PBXBuildFile; fileRef = 9BD769CB22D24D1F00C49A84 /* DetailViewController.swift */; };
		9BD769CF22D24D1F00C49A84 /* Main.storyboard in Resources */ = {isa = PBXBuildFile; fileRef = 9BD769CD22D24D1F00C49A84 /* Main.storyboard */; };
		9BD769D122D24D2100C49A84 /* Assets.xcassets in Resources */ = {isa = PBXBuildFile; fileRef = 9BD769D022D24D2100C49A84 /* Assets.xcassets */; };
		9BD769D422D24D2100C49A84 /* LaunchScreen.storyboard in Resources */ = {isa = PBXBuildFile; fileRef = 9BD769D222D24D2100C49A84 /* LaunchScreen.storyboard */; };
		9BD769DC22D24D2F00C49A84 /* Panoramas.swift in Sources */ = {isa = PBXBuildFile; fileRef = 9BD769DB22D24D2F00C49A84 /* Panoramas.swift */; };
		9BD769DE22D29AEE00C49A84 /* PanoramaCell.swift in Sources */ = {isa = PBXBuildFile; fileRef = 9BD769DD22D29AEE00C49A84 /* PanoramaCell.swift */; };
		9BD769E022D29B7100C49A84 /* PanoramaCell.xib in Resources */ = {isa = PBXBuildFile; fileRef = 9BD769DF22D29B7100C49A84 /* PanoramaCell.xib */; };
		9BD769E222D2B3A900C49A84 /* Environment.plist in Resources */ = {isa = PBXBuildFile; fileRef = 9BD769E122D2B3A900C49A84 /* Environment.plist */; };
/* End PBXBuildFile section */

/* Begin PBXFileReference section */
		9BD769C422D24D1F00C49A84 /* PanoramaRama.app */ = {isa = PBXFileReference; explicitFileType = wrapper.application; includeInIndex = 0; path = PanoramaRama.app; sourceTree = BUILT_PRODUCTS_DIR; };
		9BD769C722D24D1F00C49A84 /* AppDelegate.swift */ = {isa = PBXFileReference; lastKnownFileType = sourcecode.swift; path = AppDelegate.swift; sourceTree = "<group>"; };
		9BD769C922D24D1F00C49A84 /* MasterViewController.swift */ = {isa = PBXFileReference; lastKnownFileType = sourcecode.swift; path = MasterViewController.swift; sourceTree = "<group>"; };
		9BD769CB22D24D1F00C49A84 /* DetailViewController.swift */ = {isa = PBXFileReference; lastKnownFileType = sourcecode.swift; path = DetailViewController.swift; sourceTree = "<group>"; };
		9BD769CE22D24D1F00C49A84 /* Base */ = {isa = PBXFileReference; lastKnownFileType = file.storyboard; name = Base; path = Base.lproj/Main.storyboard; sourceTree = "<group>"; };
		9BD769D022D24D2100C49A84 /* Assets.xcassets */ = {isa = PBXFileReference; lastKnownFileType = folder.assetcatalog; path = Assets.xcassets; sourceTree = "<group>"; };
		9BD769D322D24D2100C49A84 /* Base */ = {isa = PBXFileReference; lastKnownFileType = file.storyboard; name = Base; path = Base.lproj/LaunchScreen.storyboard; sourceTree = "<group>"; };
		9BD769D522D24D2100C49A84 /* Info.plist */ = {isa = PBXFileReference; lastKnownFileType = text.plist.xml; path = Info.plist; sourceTree = "<group>"; };
		9BD769DB22D24D2F00C49A84 /* Panoramas.swift */ = {isa = PBXFileReference; lastKnownFileType = sourcecode.swift; path = Panoramas.swift; sourceTree = "<group>"; };
		9BD769DD22D29AEE00C49A84 /* PanoramaCell.swift */ = {isa = PBXFileReference; lastKnownFileType = sourcecode.swift; path = PanoramaCell.swift; sourceTree = "<group>"; };
		9BD769DF22D29B7100C49A84 /* PanoramaCell.xib */ = {isa = PBXFileReference; lastKnownFileType = file.xib; path = PanoramaCell.xib; sourceTree = "<group>"; };
		9BD769E122D2B3A900C49A84 /* Environment.plist */ = {isa = PBXFileReference; lastKnownFileType = text.plist.xml; path = Environment.plist; sourceTree = "<group>"; };
/* End PBXFileReference section */

/* Begin PBXFrameworksBuildPhase section */
		9BD769C122D24D1F00C49A84 /* Frameworks */ = {
			isa = PBXFrameworksBuildPhase;
			buildActionMask = 2147483647;
			files = (
			);
			runOnlyForDeploymentPostprocessing = 0;
		};
/* End PBXFrameworksBuildPhase section */

/* Begin PBXGroup section */
		9BD769BB22D24D1F00C49A84 = {
			isa = PBXGroup;
			children = (
				9BD769C622D24D1F00C49A84 /* PanoramaRama */,
				9BD769C522D24D1F00C49A84 /* Products */,
			);
			sourceTree = "<group>";
		};
		9BD769C522D24D1F00C49A84 /* Products */ = {
			isa = PBXGroup;
			children = (
				9BD769C422D24D1F00C49A84 /* PanoramaRama.app */,
			);
			name = Products;
			sourceTree = "<group>";
		};
		9BD769C622D24D1F00C49A84 /* PanoramaRama */ = {
			isa = PBXGroup;
			children = (
				9BD769C722D24D1F00C49A84 /* AppDelegate.swift */,
				9BD769C922D24D1F00C49A84 /* MasterViewController.swift */,
				9BD769CB22D24D1F00C49A84 /* DetailViewController.swift */,
				9BD769CD22D24D1F00C49A84 /* Main.storyboard */,
				9BD769D022D24D2100C49A84 /* Assets.xcassets */,
				9BD769D222D24D2100C49A84 /* LaunchScreen.storyboard */,
				9BD769D522D24D2100C49A84 /* Info.plist */,
				9BD769DB22D24D2F00C49A84 /* Panoramas.swift */,
				9BD769DD22D29AEE00C49A84 /* PanoramaCell.swift */,
				9BD769DF22D29B7100C49A84 /* PanoramaCell.xib */,
				9BD769E122D2B3A900C49A84 /* Environment.plist */,
			);
			path = PanoramaRama;
			sourceTree = "<group>";
		};
/* End PBXGroup section */

/* Begin PBXNativeTarget section */
		9BD769C322D24D1F00C49A84 /* PanoramaRama */ = {
			isa = PBXNativeTarget;
			buildConfigurationList = 9BD769D822D24D2100C49A84 /* Build configuration list for PBXNativeTarget "PanoramaRama" */;
			buildPhases = (
				9BD76A0C22D32CEC00C49A84 /* Scripty Prebuild */,
				9BD769C022D24D1F00C49A84 /* Sources */,
				9BD769C122D24D1F00C49A84 /* Frameworks */,
				9BD769C222D24D1F00C49A84 /* Resources */,
				9BD76A0D22D32D0200C49A84 /* Scripty Postbuild */,
			);
			buildRules = (
			);
			dependencies = (
			);
			name = PanoramaRama;
			productName = PanoramaRama;
			productReference = 9BD769C422D24D1F00C49A84 /* PanoramaRama.app */;
			productType = "com.apple.product-type.application";
		};
/* End PBXNativeTarget section */

/* Begin PBXProject section */
		9BD769BC22D24D1F00C49A84 /* Project object */ = {
			isa = PBXProject;
			attributes = {
				LastSwiftUpdateCheck = 1020;
				LastUpgradeCheck = 1020;
				ORGANIZATIONNAME = "Designated Nerd Software";
				TargetAttributes = {
					9BD769C322D24D1F00C49A84 = {
						CreatedOnToolsVersion = 10.2.1;
					};
				};
			};
			buildConfigurationList = 9BD769BF22D24D1F00C49A84 /* Build configuration list for PBXProject "PanoramaRama" */;
			compatibilityVersion = "Xcode 9.3";
			developmentRegion = en;
			hasScannedForEncodings = 0;
			knownRegions = (
				en,
				Base,
			);
			mainGroup = 9BD769BB22D24D1F00C49A84;
			productRefGroup = 9BD769C522D24D1F00C49A84 /* Products */;
			projectDirPath = "";
			projectRoot = "";
			targets = (
				9BD769C322D24D1F00C49A84 /* PanoramaRama */,
			);
		};
/* End PBXProject section */

/* Begin PBXResourcesBuildPhase section */
		9BD769C222D24D1F00C49A84 /* Resources */ = {
			isa = PBXResourcesBuildPhase;
			buildActionMask = 2147483647;
			files = (
				9BD769E022D29B7100C49A84 /* PanoramaCell.xib in Resources */,
				9BD769D422D24D2100C49A84 /* LaunchScreen.storyboard in Resources */,
				9BD769D122D24D2100C49A84 /* Assets.xcassets in Resources */,
				9BD769CF22D24D1F00C49A84 /* Main.storyboard in Resources */,
				9BD769E222D2B3A900C49A84 /* Environment.plist in Resources */,
			);
			runOnlyForDeploymentPostprocessing = 0;
		};
/* End PBXResourcesBuildPhase section */

/* Begin PBXShellScriptBuildPhase section */
		9BD76A0C22D32CEC00C49A84 /* Scripty Prebuild */ = {
			isa = PBXShellScriptBuildPhase;
			buildActionMask = 2147483647;
			files = (
			);
			inputFileListPaths = (
			);
			inputPaths = (
			);
			name = "Scripty Prebuild";
			outputFileListPaths = (
			);
			outputPaths = (
			);
			runOnlyForDeploymentPostprocessing = 0;
			shellPath = /bin/sh;
			shellScript = "cd Scripty\nswift run Scripty --prebuild\n";
		};
		9BD76A0D22D32D0200C49A84 /* Scripty Postbuild */ = {
			isa = PBXShellScriptBuildPhase;
			buildActionMask = 2147483647;
			files = (
			);
			inputFileListPaths = (
			);
			inputPaths = (
			);
			name = "Scripty Postbuild";
			outputFileListPaths = (
			);
			outputPaths = (
			);
			runOnlyForDeploymentPostprocessing = 0;
			shellPath = /bin/sh;
			shellScript = "cd Scripty\nswift run Scripty --postbuild\n";
		};
/* End PBXShellScriptBuildPhase section */

/* Begin PBXSourcesBuildPhase section */
		9BD769C022D24D1F00C49A84 /* Sources */ = {
			isa = PBXSourcesBuildPhase;
			buildActionMask = 2147483647;
			files = (
				9BD769DC22D24D2F00C49A84 /* Panoramas.swift in Sources */,
				9BD769CC22D24D1F00C49A84 /* DetailViewController.swift in Sources */,
				9BD769DE22D29AEE00C49A84 /* PanoramaCell.swift in Sources */,
				9BD769CA22D24D1F00C49A84 /* MasterViewController.swift in Sources */,
				9BD769C822D24D1F00C49A84 /* AppDelegate.swift in Sources */,
			);
			runOnlyForDeploymentPostprocessing = 0;
		};
/* End PBXSourcesBuildPhase section */

/* Begin PBXVariantGroup section */
		9BD769CD22D24D1F00C49A84 /* Main.storyboard */ = {
			isa = PBXVariantGroup;
			children = (
				9BD769CE22D24D1F00C49A84 /* Base */,
			);
			name = Main.storyboard;
			sourceTree = "<group>";
		};
		9BD769D222D24D2100C49A84 /* LaunchScreen.storyboard */ = {
			isa = PBXVariantGroup;
			children = (
				9BD769D322D24D2100C49A84 /* Base */,
			);
			name = LaunchScreen.storyboard;
			sourceTree = "<group>";
		};
/* End PBXVariantGroup section */

/* Begin XCBuildConfiguration section */
		9BD769D622D24D2100C49A84 /* Debug */ = {
			isa = XCBuildConfiguration;
			buildSettings = {
				ALWAYS_SEARCH_USER_PATHS = NO;
				CLANG_ANALYZER_NONNULL = YES;
				CLANG_ANALYZER_NUMBER_OBJECT_CONVERSION = YES_AGGRESSIVE;
				CLANG_CXX_LANGUAGE_STANDARD = "gnu++14";
				CLANG_CXX_LIBRARY = "libc++";
				CLANG_ENABLE_MODULES = YES;
				CLANG_ENABLE_OBJC_ARC = YES;
				CLANG_ENABLE_OBJC_WEAK = YES;
				CLANG_WARN_BLOCK_CAPTURE_AUTORELEASING = YES;
				CLANG_WARN_BOOL_CONVERSION = YES;
				CLANG_WARN_COMMA = YES;
				CLANG_WARN_CONSTANT_CONVERSION = YES;
				CLANG_WARN_DEPRECATED_OBJC_IMPLEMENTATIONS = YES;
				CLANG_WARN_DIRECT_OBJC_ISA_USAGE = YES_ERROR;
				CLANG_WARN_DOCUMENTATION_COMMENTS = YES;
				CLANG_WARN_EMPTY_BODY = YES;
				CLANG_WARN_ENUM_CONVERSION = YES;
				CLANG_WARN_INFINITE_RECURSION = YES;
				CLANG_WARN_INT_CONVERSION = YES;
				CLANG_WARN_NON_LITERAL_NULL_CONVERSION = YES;
				CLANG_WARN_OBJC_IMPLICIT_RETAIN_SELF = YES;
				CLANG_WARN_OBJC_LITERAL_CONVERSION = YES;
				CLANG_WARN_OBJC_ROOT_CLASS = YES_ERROR;
				CLANG_WARN_RANGE_LOOP_ANALYSIS = YES;
				CLANG_WARN_STRICT_PROTOTYPES = YES;
				CLANG_WARN_SUSPICIOUS_MOVE = YES;
				CLANG_WARN_UNGUARDED_AVAILABILITY = YES_AGGRESSIVE;
				CLANG_WARN_UNREACHABLE_CODE = YES;
				CLANG_WARN__DUPLICATE_METHOD_MATCH = YES;
				CODE_SIGN_IDENTITY = "iPhone Developer";
				COPY_PHASE_STRIP = NO;
				DEBUG_INFORMATION_FORMAT = dwarf;
				ENABLE_STRICT_OBJC_MSGSEND = YES;
				ENABLE_TESTABILITY = YES;
				GCC_C_LANGUAGE_STANDARD = gnu11;
				GCC_DYNAMIC_NO_PIC = NO;
				GCC_NO_COMMON_BLOCKS = YES;
				GCC_OPTIMIZATION_LEVEL = 0;
				GCC_PREPROCESSOR_DEFINITIONS = (
					"DEBUG=1",
					"$(inherited)",
				);
				GCC_WARN_64_TO_32_BIT_CONVERSION = YES;
				GCC_WARN_ABOUT_RETURN_TYPE = YES_ERROR;
				GCC_WARN_UNDECLARED_SELECTOR = YES;
				GCC_WARN_UNINITIALIZED_AUTOS = YES_AGGRESSIVE;
				GCC_WARN_UNUSED_FUNCTION = YES;
				GCC_WARN_UNUSED_VARIABLE = YES;
				IPHONEOS_DEPLOYMENT_TARGET = 12.2;
				MTL_ENABLE_DEBUG_INFO = INCLUDE_SOURCE;
				MTL_FAST_MATH = YES;
				ONLY_ACTIVE_ARCH = YES;
				SDKROOT = iphoneos;
				SWIFT_ACTIVE_COMPILATION_CONDITIONS = DEBUG;
				SWIFT_OPTIMIZATION_LEVEL = "-Onone";
			};
			name = Debug;
		};
		9BD769D722D24D2100C49A84 /* Release */ = {
			isa = XCBuildConfiguration;
			buildSettings = {
				ALWAYS_SEARCH_USER_PATHS = NO;
				CLANG_ANALYZER_NONNULL = YES;
				CLANG_ANALYZER_NUMBER_OBJECT_CONVERSION = YES_AGGRESSIVE;
				CLANG_CXX_LANGUAGE_STANDARD = "gnu++14";
				CLANG_CXX_LIBRARY = "libc++";
				CLANG_ENABLE_MODULES = YES;
				CLANG_ENABLE_OBJC_ARC = YES;
				CLANG_ENABLE_OBJC_WEAK = YES;
				CLANG_WARN_BLOCK_CAPTURE_AUTORELEASING = YES;
				CLANG_WARN_BOOL_CONVERSION = YES;
				CLANG_WARN_COMMA = YES;
				CLANG_WARN_CONSTANT_CONVERSION = YES;
				CLANG_WARN_DEPRECATED_OBJC_IMPLEMENTATIONS = YES;
				CLANG_WARN_DIRECT_OBJC_ISA_USAGE = YES_ERROR;
				CLANG_WARN_DOCUMENTATION_COMMENTS = YES;
				CLANG_WARN_EMPTY_BODY = YES;
				CLANG_WARN_ENUM_CONVERSION = YES;
				CLANG_WARN_INFINITE_RECURSION = YES;
				CLANG_WARN_INT_CONVERSION = YES;
				CLANG_WARN_NON_LITERAL_NULL_CONVERSION = YES;
				CLANG_WARN_OBJC_IMPLICIT_RETAIN_SELF = YES;
				CLANG_WARN_OBJC_LITERAL_CONVERSION = YES;
				CLANG_WARN_OBJC_ROOT_CLASS = YES_ERROR;
				CLANG_WARN_RANGE_LOOP_ANALYSIS = YES;
				CLANG_WARN_STRICT_PROTOTYPES = YES;
				CLANG_WARN_SUSPICIOUS_MOVE = YES;
				CLANG_WARN_UNGUARDED_AVAILABILITY = YES_AGGRESSIVE;
				CLANG_WARN_UNREACHABLE_CODE = YES;
				CLANG_WARN__DUPLICATE_METHOD_MATCH = YES;
				CODE_SIGN_IDENTITY = "iPhone Developer";
				COPY_PHASE_STRIP = NO;
				DEBUG_INFORMATION_FORMAT = "dwarf-with-dsym";
				ENABLE_NS_ASSERTIONS = NO;
				ENABLE_STRICT_OBJC_MSGSEND = YES;
				GCC_C_LANGUAGE_STANDARD = gnu11;
				GCC_NO_COMMON_BLOCKS = YES;
				GCC_WARN_64_TO_32_BIT_CONVERSION = YES;
				GCC_WARN_ABOUT_RETURN_TYPE = YES_ERROR;
				GCC_WARN_UNDECLARED_SELECTOR = YES;
				GCC_WARN_UNINITIALIZED_AUTOS = YES_AGGRESSIVE;
				GCC_WARN_UNUSED_FUNCTION = YES;
				GCC_WARN_UNUSED_VARIABLE = YES;
				IPHONEOS_DEPLOYMENT_TARGET = 12.2;
				MTL_ENABLE_DEBUG_INFO = NO;
				MTL_FAST_MATH = YES;
				SDKROOT = iphoneos;
				SWIFT_COMPILATION_MODE = wholemodule;
				SWIFT_OPTIMIZATION_LEVEL = "-O";
				VALIDATE_PRODUCT = YES;
			};
			name = Release;
		};
		9BD769D922D24D2100C49A84 /* Debug */ = {
			isa = XCBuildConfiguration;
			buildSettings = {
				ASSETCATALOG_COMPILER_APPICON_NAME = AppIcon;
				CODE_SIGN_STYLE = Automatic;
				DEVELOPMENT_TEAM = 4U392EMNT3;
				INFOPLIST_FILE = PanoramaRama/Info.plist;
				LD_RUNPATH_SEARCH_PATHS = (
					"$(inherited)",
					"@executable_path/Frameworks",
				);
				PRODUCT_BUNDLE_IDENTIFIER = com.designatednerd.PanoramaRama;
				PRODUCT_NAME = "$(TARGET_NAME)";
				SWIFT_VERSION = 5.0;
				TARGETED_DEVICE_FAMILY = "1,2";
			};
			name = Debug;
		};
		9BD769DA22D24D2100C49A84 /* Release */ = {
			isa = XCBuildConfiguration;
			buildSettings = {
				ASSETCATALOG_COMPILER_APPICON_NAME = AppIcon;
				CODE_SIGN_STYLE = Automatic;
				DEVELOPMENT_TEAM = 4U392EMNT3;
				INFOPLIST_FILE = PanoramaRama/Info.plist;
				LD_RUNPATH_SEARCH_PATHS = (
					"$(inherited)",
					"@executable_path/Frameworks",
				);
				PRODUCT_BUNDLE_IDENTIFIER = com.designatednerd.PanoramaRama;
				PRODUCT_NAME = "$(TARGET_NAME)";
				SWIFT_VERSION = 5.0;
				TARGETED_DEVICE_FAMILY = "1,2";
			};
			name = Release;
		};
/* End XCBuildConfiguration section */

/* Begin XCConfigurationList section */
		9BD769BF22D24D1F00C49A84 /* Build configuration list for PBXProject "PanoramaRama" */ = {
			isa = XCConfigurationList;
			buildConfigurations = (
				9BD769D622D24D2100C49A84 /* Debug */,
				9BD769D722D24D2100C49A84 /* Release */,
			);
			defaultConfigurationIsVisible = 0;
			defaultConfigurationName = Release;
		};
		9BD769D822D24D2100C49A84 /* Build configuration list for PBXNativeTarget "PanoramaRama" */ = {
			isa = XCConfigurationList;
			buildConfigurations = (
				9BD769D922D24D2100C49A84 /* Debug */,
				9BD769DA22D24D2100C49A84 /* Release */,
			);
			defaultConfigurationIsVisible = 0;
			defaultConfigurationName = Release;
		};
/* End XCConfigurationList section */
	};
	rootObject = 9BD769BC22D24D1F00C49A84 /* Project object */;
}
