{
  "object": {
    "pins": [
      {
        "package": "Files",
        "repositoryURL": "https://github.com/JohnSundell/Files.git",
        "state": {
          "branch": null,
          "revision": "92b57bea0e737e7d92b5ff281f46ec2b59faf91c",
          "version": "3.1.0"
        }
      },
      {
        "package": "Plister",
        "repositoryURL": "https://github.com/DesignatedNerd/Plister.git",
        "state": {
          "branch": null,
          "revision": "890470e5ba385af059c6836a6996fed436d9f8c8",
          "version": "0.0.1"
        }
      },
      {
        "package": "ShellOut",
        "repositoryURL": "https://github.com/JohnSundell/ShellOut.git",
        "state": {
          "branch": null,
          "revision": "d3d54ce662dfee7fef619330b71d251b8d4869f9",
          "version": "2.2.0"
        }
      }
    ]
  },
  "version": 1
}
